{
    "_readme": [
        "This file locks the dependencies of your project to a known state",
        "Read more about it at https://getcomposer.org/doc/01-basic-usage.md#composer-lock-the-lock-file",
        "This file is @generated automatically"
    ],
    "hash": "7d16f4a6f11f6cec40004a20b3fcffee",
    "content-hash": "db6fcbaa1ba9c072b54bad7e6b5cad06",
    "packages": [
        {
            "name": "chobie/jira-api-restclient",
            "version": "v1.0.0",
            "source": {
                "type": "git",
                "url": "https://github.com/chobie/jira-api-restclient.git",
                "reference": "68c082d2bbcab5e9ba97e8b46496b3b1afceed6f"
            },
            "dist": {
                "type": "zip",
                "url": "https://api.github.com/repos/chobie/jira-api-restclient/zipball/68c082d2bbcab5e9ba97e8b46496b3b1afceed6f",
                "reference": "68c082d2bbcab5e9ba97e8b46496b3b1afceed6f",
                "shasum": ""
            },
            "require": {
                "php": ">=5.2.4"
            },
            "type": "library",
            "extra": {
                "branch-alias": {
                    "dev-master": "1.0-dev"
                }
            },
            "autoload": {
                "psr-0": {
                    "Jira_": "./"
                }
            },
            "notification-url": "https://packagist.org/downloads/",
            "license": [
                "MIT"
            ],
            "authors": [
                {
                    "name": "Shuhei Tanuma",
                    "email": "chobieeee@php.net",
                    "homepage": "http://blog.stfalcon.com"
                }
            ],
            "description": "JIRA REST API.",
            "keywords": [
                "api",
                "jira",
                "rest"
            ],
            "time": "2014-07-27 11:40:44"
        }
    ],
    "packages-dev": [],
    "aliases": [],
    "minimum-stability": "stable",
    "stability-flags": [],
    "prefer-stable": false,
    "prefer-lowest": false,
    "platform": [],
    "platform-dev": []
}
